// !$*UTF8*$!
{
	archiveVersion = 1;
	classes = {
	};
	objectVersion = 46;
	objects = {

/* Begin PBXBuildFile section */
		42ED263A14B5503600EDFA4D /* UIKit.framework in Frameworks */ = {isa = PBXBuildFile; fileRef = 42ED263914B5503600EDFA4D /* UIKit.framework */; };
		42ED263C14B5503600EDFA4D /* Foundation.framework in Frameworks */ = {isa = PBXBuildFile; fileRef = 42ED263B14B5503600EDFA4D /* Foundation.framework */; };
		42ED263E14B5503600EDFA4D /* CoreGraphics.framework in Frameworks */ = {isa = PBXBuildFile; fileRef = 42ED263D14B5503600EDFA4D /* CoreGraphics.framework */; };
		42ED264414B5503600EDFA4D /* InfoPlist.strings in Resources */ = {isa = PBXBuildFile; fileRef = 42ED264214B5503600EDFA4D /* InfoPlist.strings */; };
		42ED264614B5503600EDFA4D /* main.m in Sources */ = {isa = PBXBuildFile; fileRef = 42ED264514B5503600EDFA4D /* main.m */; };
		42ED264A14B5503600EDFA4D /* AppDelegate.m in Sources */ = {isa = PBXBuildFile; fileRef = 42ED264914B5503600EDFA4D /* AppDelegate.m */; };
		42ED264D14B5503600EDFA4D /* FirstViewController.m in Sources */ = {isa = PBXBuildFile; fileRef = 42ED264C14B5503600EDFA4D /* FirstViewController.m */; };
		42ED264F14B5503600EDFA4D /* first.png in Resources */ = {isa = PBXBuildFile; fileRef = 42ED264E14B5503600EDFA4D /* first.png */; };
		42ED265114B5503600EDFA4D /* first@2x.png in Resources */ = {isa = PBXBuildFile; fileRef = 42ED265014B5503600EDFA4D /* first@2x.png */; };
		42ED265414B5503600EDFA4D /* SecondViewController.m in Sources */ = {isa = PBXBuildFile; fileRef = 42ED265314B5503600EDFA4D /* SecondViewController.m */; };
		42ED265614B5503600EDFA4D /* second.png in Resources */ = {isa = PBXBuildFile; fileRef = 42ED265514B5503600EDFA4D /* second.png */; };
		42ED265814B5503600EDFA4D /* second@2x.png in Resources */ = {isa = PBXBuildFile; fileRef = 42ED265714B5503600EDFA4D /* second@2x.png */; };
		42ED265B14B5503600EDFA4D /* FirstViewController.xib in Resources */ = {isa = PBXBuildFile; fileRef = 42ED265914B5503600EDFA4D /* FirstViewController.xib */; };
		42ED265E14B5503600EDFA4D /* SecondViewController.xib in Resources */ = {isa = PBXBuildFile; fileRef = 42ED265C14B5503600EDFA4D /* SecondViewController.xib */; };
/* End PBXBuildFile section */

/* Begin PBXFileReference section */
		42ED263514B5503600EDFA4D /* dating.app */ = {isa = PBXFileReference; explicitFileType = wrapper.application; includeInIndex = 0; path = dating.app; sourceTree = BUILT_PRODUCTS_DIR; };
		42ED263914B5503600EDFA4D /* UIKit.framework */ = {isa = PBXFileReference; lastKnownFileType = wrapper.framework; name = UIKit.framework; path = System/Library/Frameworks/UIKit.framework; sourceTree = SDKROOT; };
		42ED263B14B5503600EDFA4D /* Foundation.framework */ = {isa = PBXFileReference; lastKnownFileType = wrapper.framework; name = Foundation.framework; path = System/Library/Frameworks/Foundation.framework; sourceTree = SDKROOT; };
		42ED263D14B5503600EDFA4D /* CoreGraphics.framework */ = {isa = PBXFileReference; lastKnownFileType = wrapper.framework; name = CoreGraphics.framework; path = System/Library/Frameworks/CoreGraphics.framework; sourceTree = SDKROOT; };
		42ED264114B5503600EDFA4D /* dating-Info.plist */ = {isa = PBXFileReference; path = "dating-Info.plist"; sourceTree = "<group>"; };
		42ED264314B5503600EDFA4D /* en */ = {isa = PBXFileReference; lastKnownFileType = text.plist.strings; name = en; path = en.lproj/InfoPlist.strings; sourceTree = "<group>"; };
		42ED264514B5503600EDFA4D /* main.m */ = {isa = PBXFileReference; lastKnownFileType = sourcecode.c.objc; path = main.m; sourceTree = "<group>"; };
		42ED264714B5503600EDFA4D /* dating-Prefix.pch */ = {isa = PBXFileReference; path = "dating-Prefix.pch"; sourceTree = "<group>"; };
		42ED264814B5503600EDFA4D /* AppDelegate.h */ = {isa = PBXFileReference; path = AppDelegate.h; sourceTree = "<group>"; };
		42ED264914B5503600EDFA4D /* AppDelegate.m */ = {isa = PBXFileReference; lastKnownFileType = sourcecode.c.objc; path = AppDelegate.m; sourceTree = "<group>"; };
		42ED264B14B5503600EDFA4D /* FirstViewController.h */ = {isa = PBXFileReference; path = FirstViewController.h; sourceTree = "<group>"; };
		42ED264C14B5503600EDFA4D /* FirstViewController.m */ = {isa = PBXFileReference; lastKnownFileType = sourcecode.c.objc; path = FirstViewController.m; sourceTree = "<group>"; };
		42ED264E14B5503600EDFA4D /* first.png */ = {isa = PBXFileReference; lastKnownFileType = image.png; path = first.png; sourceTree = "<group>"; };
		42ED265014B5503600EDFA4D /* first@2x.png */ = {isa = PBXFileReference; lastKnownFileType = image.png; path = "first@2x.png"; sourceTree = "<group>"; };
		42ED265214B5503600EDFA4D /* SecondViewController.h */ = {isa = PBXFileReference; path = SecondViewController.h; sourceTree = "<group>"; };
		42ED265314B5503600EDFA4D /* SecondViewController.m */ = {isa = PBXFileReference; lastKnownFileType = sourcecode.c.objc; path = SecondViewController.m; sourceTree = "<group>"; };
		42ED265514B5503600EDFA4D /* second.png */ = {isa = PBXFileReference; lastKnownFileType = image.png; path = second.png; sourceTree = "<group>"; };
		42ED265714B5503600EDFA4D /* second@2x.png */ = {isa = PBXFileReference; lastKnownFileType = image.png; path = "second@2x.png"; sourceTree = "<group>"; };
		42ED265A14B5503600EDFA4D /* en */ = {isa = PBXFileReference; lastKnownFileType = file.xib; name = en; path = en.lproj/FirstViewController.xib; sourceTree = "<group>"; };
		42ED265D14B5503600EDFA4D /* en */ = {isa = PBXFileReference; lastKnownFileType = file.xib; name = en; path = en.lproj/SecondViewController.xib; sourceTree = "<group>"; };
/* End PBXFileReference section */

/* Begin PBXFrameworksBuildPhase section */
		42ED263214B5503600EDFA4D /* Frameworks */ = {
			isa = PBXFrameworksBuildPhase;
			buildActionMask = 2147483647;
			files = (
				42ED263A14B5503600EDFA4D /* UIKit.framework in Frameworks */,
				42ED263C14B5503600EDFA4D /* Foundation.framework in Frameworks */,
				42ED263E14B5503600EDFA4D /* CoreGraphics.framework in Frameworks */,
			);
			runOnlyForDeploymentPostprocessing = 0;
		};
/* End PBXFrameworksBuildPhase section */

/* Begin PBXGroup section */
		42ED262A14B5503600EDFA4D = {
			isa = PBXGroup;
			children = (
				42ED263F14B5503600EDFA4D /* dating */,
				42ED263814B5503600EDFA4D /* Frameworks */,
				42ED263614B5503600EDFA4D /* Products */,
			);
			sourceTree = "<group>";
		};
		42ED263614B5503600EDFA4D /* Products */ = {
			isa = PBXGroup;
			children = (
				42ED263514B5503600EDFA4D /* dating.app */,
			);
			name = Products;
			sourceTree = "<group>";
		};
		42ED263814B5503600EDFA4D /* Frameworks */ = {
			isa = PBXGroup;
			children = (
				42ED263914B5503600EDFA4D /* UIKit.framework */,
				42ED263B14B5503600EDFA4D /* Foundation.framework */,
				42ED263D14B5503600EDFA4D /* CoreGraphics.framework */,
			);
			name = Frameworks;
			sourceTree = "<group>";
		};
		42ED263F14B5503600EDFA4D /* dating */ = {
			isa = PBXGroup;
			children = (
				42ED264814B5503600EDFA4D /* AppDelegate.h */,
				42ED264914B5503600EDFA4D /* AppDelegate.m */,
				42ED264B14B5503600EDFA4D /* FirstViewController.h */,
				42ED264C14B5503600EDFA4D /* FirstViewController.m */,
				42ED264E14B5503600EDFA4D /* first.png */,
				42ED265014B5503600EDFA4D /* first@2x.png */,
				42ED265214B5503600EDFA4D /* SecondViewController.h */,
				42ED265314B5503600EDFA4D /* SecondViewController.m */,
				42ED265514B5503600EDFA4D /* second.png */,
				42ED265714B5503600EDFA4D /* second@2x.png */,
				42ED265914B5503600EDFA4D /* FirstViewController.xib */,
				42ED265C14B5503600EDFA4D /* SecondViewController.xib */,
				42ED264014B5503600EDFA4D /* Supporting Files */,
			);
			path = dating;
			sourceTree = "<group>";
		};
		42ED264014B5503600EDFA4D /* Supporting Files */ = {
			isa = PBXGroup;
			children = (
				42ED264114B5503600EDFA4D /* dating-Info.plist */,
				42ED264214B5503600EDFA4D /* InfoPlist.strings */,
				42ED264514B5503600EDFA4D /* main.m */,
				42ED264714B5503600EDFA4D /* dating-Prefix.pch */,
			);
			name = "Supporting Files";
			sourceTree = "<group>";
		};
/* End PBXGroup section */

/* Begin PBXNativeTarget section */
		42ED263414B5503600EDFA4D /* dating */ = {
			isa = PBXNativeTarget;
			buildConfigurationList = 42ED266114B5503600EDFA4D /* Build configuration list for PBXNativeTarget "dating" */;
			buildPhases = (
				42ED263114B5503600EDFA4D /* Sources */,
				42ED263214B5503600EDFA4D /* Frameworks */,
				42ED263314B5503600EDFA4D /* Resources */,
			);
			buildRules = (
			);
			dependencies = (
			);
			name = dating;
			productName = dating;
			productReference = 42ED263514B5503600EDFA4D /* dating.app */;
			productType = "com.apple.product-type.application";
		};
/* End PBXNativeTarget section */

/* Begin PBXProject section */
		42ED262C14B5503600EDFA4D /* Project object */ = {
			isa = PBXProject;
			attributes = {
				LastUpgradeCheck = 0420;
			};
			buildConfigurationList = 42ED262F14B5503600EDFA4D /* Build configuration list for PBXProject "dating" */;
			compatibilityVersion = "Xcode 3.2";
			developmentRegion = English;
			hasScannedForEncodings = 0;
			knownRegions = (
				en,
			);
			mainGroup = 42ED262A14B5503600EDFA4D;
			productRefGroup = 42ED263614B5503600EDFA4D /* Products */;
			projectDirPath = "";
			projectRoot = "";
			targets = (
				42ED263414B5503600EDFA4D /* dating */,
			);
		};
/* End PBXProject section */

/* Begin PBXResourcesBuildPhase section */
		42ED263314B5503600EDFA4D /* Resources */ = {
			isa = PBXResourcesBuildPhase;
			buildActionMask = 2147483647;
			files = (
				42ED264414B5503600EDFA4D /* InfoPlist.strings in Resources */,
				42ED264F14B5503600EDFA4D /* first.png in Resources */,
				42ED265114B5503600EDFA4D /* first@2x.png in Resources */,
				42ED265614B5503600EDFA4D /* second.png in Resources */,
				42ED265814B5503600EDFA4D /* second@2x.png in Resources */,
				42ED265B14B5503600EDFA4D /* FirstViewController.xib in Resources */,
				42ED265E14B5503600EDFA4D /* SecondViewController.xib in Resources */,
			);
			runOnlyForDeploymentPostprocessing = 0;
		};
/* End PBXResourcesBuildPhase section */

/* Begin PBXSourcesBuildPhase section */
		42ED263114B5503600EDFA4D /* Sources */ = {
			isa = PBXSourcesBuildPhase;
			buildActionMask = 2147483647;
			files = (
				42ED264614B5503600EDFA4D /* main.m in Sources */,
				42ED264A14B5503600EDFA4D /* AppDelegate.m in Sources */,
				42ED264D14B5503600EDFA4D /* FirstViewController.m in Sources */,
				42ED265414B5503600EDFA4D /* SecondViewController.m in Sources */,
			);
			runOnlyForDeploymentPostprocessing = 0;
		};
/* End PBXSourcesBuildPhase section */

/* Begin PBXVariantGroup section */
		42ED264214B5503600EDFA4D /* InfoPlist.strings */ = {
			isa = PBXVariantGroup;
			children = (
				42ED264314B5503600EDFA4D /* en */,
			);
			name = InfoPlist.strings;
			sourceTree = "<group>";
		};
		42ED265914B5503600EDFA4D /* FirstViewController.xib */ = {
			isa = PBXVariantGroup;
			children = (
				42ED265A14B5503600EDFA4D /* en */,
			);
			name = FirstViewController.xib;
			sourceTree = "<group>";
		};
		42ED265C14B5503600EDFA4D /* SecondViewController.xib */ = {
			isa = PBXVariantGroup;
			children = (
				42ED265D14B5503600EDFA4D /* en */,
			);
			name = SecondViewController.xib;
			sourceTree = "<group>";
		};
/* End PBXVariantGroup section */

/* Begin XCBuildConfiguration section */
		42ED265F14B5503600EDFA4D /* Debug */ = {
			isa = XCBuildConfiguration;
			buildSettings = {
				ALWAYS_SEARCH_USER_PATHS = NO;
				ARCHS = "$(ARCHS_STANDARD_32_BIT)";
				"CODE_SIGN_IDENTITY[sdk=iphoneos*]" = "iPhone Developer";
				COPY_PHASE_STRIP = NO;
				GCC_C_LANGUAGE_STANDARD = gnu99;
				GCC_DYNAMIC_NO_PIC = NO;
				GCC_OPTIMIZATION_LEVEL = 0;
				GCC_PREPROCESSOR_DEFINITIONS = (
					"DEBUG=1",
					"$(inherited)",
				);
				GCC_SYMBOLS_PRIVATE_EXTERN = NO;
				GCC_VERSION = com.apple.compilers.llvm.clang.1_0;
				GCC_WARN_ABOUT_MISSING_PROTOTYPES = YES;
				GCC_WARN_ABOUT_RETURN_TYPE = YES;
				GCC_WARN_UNUSED_VARIABLE = YES;
				IPHONEOS_DEPLOYMENT_TARGET = 5.0;
				SDKROOT = iphoneos;
			};
			name = Debug;
		};
		42ED266014B5503600EDFA4D /* Release */ = {
			isa = XCBuildConfiguration;
			buildSettings = {
				ALWAYS_SEARCH_USER_PATHS = NO;
				ARCHS = "$(ARCHS_STANDARD_32_BIT)";
				"CODE_SIGN_IDENTITY[sdk=iphoneos*]" = "iPhone Developer";
				COPY_PHASE_STRIP = YES;
				GCC_C_LANGUAGE_STANDARD = gnu99;
				GCC_VERSION = com.apple.compilers.llvm.clang.1_0;
				GCC_WARN_ABOUT_MISSING_PROTOTYPES = YES;
				GCC_WARN_ABOUT_RETURN_TYPE = YES;
				GCC_WARN_UNUSED_VARIABLE = YES;
				IPHONEOS_DEPLOYMENT_TARGET = 5.0;
				OTHER_CFLAGS = "-DNS_BLOCK_ASSERTIONS=1";
				SDKROOT = iphoneos;
				VALIDATE_PRODUCT = YES;
			};
			name = Release;
		};
		42ED266214B5503600EDFA4D /* Debug */ = {
			isa = XCBuildConfiguration;
			buildSettings = {
				GCC_PRECOMPILE_PREFIX_HEADER = YES;
				GCC_PREFIX_HEADER = "dating/dating-Prefix.pch";
				INFOPLIST_FILE = "dating/dating-Info.plist";
				PRODUCT_NAME = "$(TARGET_NAME)";
				WRAPPER_EXTENSION = app;
			};
			name = Debug;
		};
		42ED266314B5503600EDFA4D /* Release */ = {
			isa = XCBuildConfiguration;
			buildSettings = {
				GCC_PRECOMPILE_PREFIX_HEADER = YES;
				GCC_PREFIX_HEADER = "dating/dating-Prefix.pch";
				INFOPLIST_FILE = "dating/dating-Info.plist";
				PRODUCT_NAME = "$(TARGET_NAME)";
				WRAPPER_EXTENSION = app;
			};
			name = Release;
		};
/* End XCBuildConfiguration section */

/* Begin XCConfigurationList section */
		42ED262F14B5503600EDFA4D /* Build configuration list for PBXProject "dating" */ = {
			isa = XCConfigurationList;
			buildConfigurations = (
				42ED265F14B5503600EDFA4D /* Debug */,
				42ED266014B5503600EDFA4D /* Release */,
			);
			defaultConfigurationIsVisible = 0;
			defaultConfigurationName = Release;
		};
		42ED266114B5503600EDFA4D /* Build configuration list for PBXNativeTarget "dating" */ = {
			isa = XCConfigurationList;
			buildConfigurations = (
				42ED266214B5503600EDFA4D /* Debug */,
				42ED266314B5503600EDFA4D /* Release */,
			);
			defaultConfigurationIsVisible = 0;
		};
/* End XCConfigurationList section */
	};
	rootObject = 42ED262C14B5503600EDFA4D /* Project object */;
}
